
Microsoft Visual Studio Solution File, Format Version 12.00
# Visual Studio Version 17
VisualStudioVersion = 17.5.33516.290
MinimumVisualStudioVersion = 10.0.40219.1
Project("{FAE04EC0-301F-11D3-BF4B-00C04F79EFBC}") = "cs23_collection", "cs23_collection\cs23_collection.csproj", "{7D89606C-C71E-4780-BEBA-F99996D5FE58}"
EndProject
Project("{FAE04EC0-301F-11D3-BF4B-00C04F79EFBC}") = "cs24_generic", "cs24_generic\cs24_generic.csproj", "{856412BB-9B5C-411D-8ED7-6FAE2B61319D}"
EndProject
Project("{FAE04EC0-301F-11D3-BF4B-00C04F79EFBC}") = "cs25_exception", "cs25_exception\cs25_exception.csproj", "{0E5DB4FA-6A1F-49D9-9006-FE938DEF671B}"
EndProject
Global
	GlobalSection(SolutionConfigurationPlatforms) = preSolution
		Debug|Any CPU = Debug|Any CPU
		Release|Any CPU = Release|Any CPU
	EndGlobalSection
	GlobalSection(ProjectConfigurationPlatforms) = postSolution
		{7D89606C-C71E-4780-BEBA-F99996D5FE58}.Debug|Any CPU.ActiveCfg = Debug|Any CPU
		{7D89606C-C71E-4780-BEBA-F99996D5FE58}.Debug|Any CPU.Build.0 = Debug|Any CPU
		{7D89606C-C71E-4780-BEBA-F99996D5FE58}.Release|Any CPU.ActiveCfg = Release|Any CPU
		{7D89606C-C71E-4780-BEBA-F99996D5FE58}.Release|Any CPU.Build.0 = Release|Any CPU
		{856412BB-9B5C-411D-8ED7-6FAE2B61319D}.Debug|Any CPU.ActiveCfg = Debug|Any CPU
		{856412BB-9B5C-411D-8ED7-6FAE2B61319D}.Debug|Any CPU.Build.0 = Debug|Any CPU
		{856412BB-9B5C-411D-8ED7-6FAE2B61319D}.Release|Any CPU.ActiveCfg = Release|Any CPU
		{856412BB-9B5C-411D-8ED7-6FAE2B61319D}.Release|Any CPU.Build.0 = Release|Any CPU
		{0E5DB4FA-6A1F-49D9-9006-FE938DEF671B}.Debug|Any CPU.ActiveCfg = Debug|Any CPU
		{0E5DB4FA-6A1F-49D9-9006-FE938DEF671B}.Debug|Any CPU.Build.0 = Debug|Any CPU
		{0E5DB4FA-6A1F-49D9-9006-FE938DEF671B}.Release|Any CPU.ActiveCfg = Release|Any CPU
		{0E5DB4FA-6A1F-49D9-9006-FE938DEF671B}.Release|Any CPU.Build.0 = Release|Any CPU
	EndGlobalSection
	GlobalSection(SolutionProperties) = preSolution
		HideSolutionNode = FALSE
	EndGlobalSection
	GlobalSection(ExtensibilityGlobals) = postSolution
		SolutionGuid = {1FAB8A49-F56F-4B60-9488-5CB25762E82A}
	EndGlobalSection
EndGlobal
