
Microsoft Visual Studio Solution File, Format Version 12.00
# Visual Studio Version 17
VisualStudioVersion = 17.5.33516.290
MinimumVisualStudioVersion = 10.0.40219.1
Project("{FAE04EC0-301F-11D3-BF4B-00C04F79EFBC}") = "wf01_simplewimapp", "wf01_simplewimapp\wf01_simplewimapp.csproj", "{302AA3C3-C7B3-413E-B633-7573C54AF486}"
EndProject
Project("{FAE04EC0-301F-11D3-BF4B-00C04F79EFBC}") = "wf02_realwinapp", "wf02_realwinapp\wf02_realwinapp.csproj", "{050D8DEE-9BCB-42C2-8F94-06542050E871}"
EndProject
Project("{FAE04EC0-301F-11D3-BF4B-00C04F79EFBC}") = "wf03_property", "wf03_property\wf03_property.csproj", "{5B9E7E91-6BCA-4D9B-AA42-97D90E5C9066}"
EndProject
Global
	GlobalSection(SolutionConfigurationPlatforms) = preSolution
		Debug|Any CPU = Debug|Any CPU
		Release|Any CPU = Release|Any CPU
	EndGlobalSection
	GlobalSection(ProjectConfigurationPlatforms) = postSolution
		{302AA3C3-C7B3-413E-B633-7573C54AF486}.Debug|Any CPU.ActiveCfg = Debug|Any CPU
		{302AA3C3-C7B3-413E-B633-7573C54AF486}.Debug|Any CPU.Build.0 = Debug|Any CPU
		{302AA3C3-C7B3-413E-B633-7573C54AF486}.Release|Any CPU.ActiveCfg = Release|Any CPU
		{302AA3C3-C7B3-413E-B633-7573C54AF486}.Release|Any CPU.Build.0 = Release|Any CPU
		{050D8DEE-9BCB-42C2-8F94-06542050E871}.Debug|Any CPU.ActiveCfg = Debug|Any CPU
		{050D8DEE-9BCB-42C2-8F94-06542050E871}.Debug|Any CPU.Build.0 = Debug|Any CPU
		{050D8DEE-9BCB-42C2-8F94-06542050E871}.Release|Any CPU.ActiveCfg = Release|Any CPU
		{050D8DEE-9BCB-42C2-8F94-06542050E871}.Release|Any CPU.Build.0 = Release|Any CPU
		{5B9E7E91-6BCA-4D9B-AA42-97D90E5C9066}.Debug|Any CPU.ActiveCfg = Debug|Any CPU
		{5B9E7E91-6BCA-4D9B-AA42-97D90E5C9066}.Debug|Any CPU.Build.0 = Debug|Any CPU
		{5B9E7E91-6BCA-4D9B-AA42-97D90E5C9066}.Release|Any CPU.ActiveCfg = Release|Any CPU
		{5B9E7E91-6BCA-4D9B-AA42-97D90E5C9066}.Release|Any CPU.Build.0 = Release|Any CPU
	EndGlobalSection
	GlobalSection(SolutionProperties) = preSolution
		HideSolutionNode = FALSE
	EndGlobalSection
	GlobalSection(ExtensibilityGlobals) = postSolution
		SolutionGuid = {FD8D112A-CE16-434A-A1E6-2DC4396C3E0F}
	EndGlobalSection
EndGlobal
