
Microsoft Visual Studio Solution File, Format Version 12.00
# Visual Studio Version 17
VisualStudioVersion = 17.5.33516.290
MinimumVisualStudioVersion = 10.0.40219.1
Project("{FAE04EC0-301F-11D3-BF4B-00C04F79EFBC}") = "wf08_dbhandling", "wf08_dbhandling\wf08_dbhandling.csproj", "{32BE8DFF-25A9-46A3-B703-02CA5A42B7A3}"
EndProject
Project("{FAE04EC0-301F-11D3-BF4B-00C04F79EFBC}") = "wf07_myexplorer", "wf07_myexplorer\wf07_myexplorer.csproj", "{9D683F0F-E42F-4D8B-A6FC-A3065AE62289}"
EndProject
Global
	GlobalSection(SolutionConfigurationPlatforms) = preSolution
		Debug|Any CPU = Debug|Any CPU
		Release|Any CPU = Release|Any CPU
	EndGlobalSection
	GlobalSection(ProjectConfigurationPlatforms) = postSolution
		{32BE8DFF-25A9-46A3-B703-02CA5A42B7A3}.Debug|Any CPU.ActiveCfg = Debug|Any CPU
		{32BE8DFF-25A9-46A3-B703-02CA5A42B7A3}.Debug|Any CPU.Build.0 = Debug|Any CPU
		{32BE8DFF-25A9-46A3-B703-02CA5A42B7A3}.Release|Any CPU.ActiveCfg = Release|Any CPU
		{32BE8DFF-25A9-46A3-B703-02CA5A42B7A3}.Release|Any CPU.Build.0 = Release|Any CPU
		{9D683F0F-E42F-4D8B-A6FC-A3065AE62289}.Debug|Any CPU.ActiveCfg = Debug|Any CPU
		{9D683F0F-E42F-4D8B-A6FC-A3065AE62289}.Debug|Any CPU.Build.0 = Debug|Any CPU
		{9D683F0F-E42F-4D8B-A6FC-A3065AE62289}.Release|Any CPU.ActiveCfg = Release|Any CPU
		{9D683F0F-E42F-4D8B-A6FC-A3065AE62289}.Release|Any CPU.Build.0 = Release|Any CPU
	EndGlobalSection
	GlobalSection(SolutionProperties) = preSolution
		HideSolutionNode = FALSE
	EndGlobalSection
	GlobalSection(ExtensibilityGlobals) = postSolution
		SolutionGuid = {7EAA8B0D-8556-4449-A9D8-629E011696C9}
	EndGlobalSection
EndGlobal
