
Microsoft Visual Studio Solution File, Format Version 12.00
# Visual Studio Version 17
VisualStudioVersion = 17.5.33530.505
MinimumVisualStudioVersion = 10.0.40219.1
Project("{FAE04EC0-301F-11D3-BF4B-00C04F79EFBC}") = "wf09_dbhandling", "wf09_dbhandling\wf09_dbhandling.csproj", "{CCE74984-55AA-4D85-BDED-C8171B9EF291}"
EndProject
Project("{FAE04EC0-301F-11D3-BF4B-00C04F79EFBC}") = "wf10_mysqlhandling", "wf10_mysqlhandling\wf10_mysqlhandling.csproj", "{029028B2-24C2-421D-B039-D11D4D5A1B23}"
EndProject
Project("{FAE04EC0-301F-11D3-BF4B-00C04F79EFBC}") = "wf11_mditest", "wf11_mditest\wf11_mditest.csproj", "{2185F102-7EF2-47F8-A28C-C1132FB29B96}"
EndProject
Global
	GlobalSection(SolutionConfigurationPlatforms) = preSolution
		Debug|Any CPU = Debug|Any CPU
		Release|Any CPU = Release|Any CPU
	EndGlobalSection
	GlobalSection(ProjectConfigurationPlatforms) = postSolution
		{CCE74984-55AA-4D85-BDED-C8171B9EF291}.Debug|Any CPU.ActiveCfg = Debug|Any CPU
		{CCE74984-55AA-4D85-BDED-C8171B9EF291}.Debug|Any CPU.Build.0 = Debug|Any CPU
		{CCE74984-55AA-4D85-BDED-C8171B9EF291}.Release|Any CPU.ActiveCfg = Release|Any CPU
		{CCE74984-55AA-4D85-BDED-C8171B9EF291}.Release|Any CPU.Build.0 = Release|Any CPU
		{029028B2-24C2-421D-B039-D11D4D5A1B23}.Debug|Any CPU.ActiveCfg = Debug|Any CPU
		{029028B2-24C2-421D-B039-D11D4D5A1B23}.Debug|Any CPU.Build.0 = Debug|Any CPU
		{029028B2-24C2-421D-B039-D11D4D5A1B23}.Release|Any CPU.ActiveCfg = Release|Any CPU
		{029028B2-24C2-421D-B039-D11D4D5A1B23}.Release|Any CPU.Build.0 = Release|Any CPU
		{2185F102-7EF2-47F8-A28C-C1132FB29B96}.Debug|Any CPU.ActiveCfg = Debug|Any CPU
		{2185F102-7EF2-47F8-A28C-C1132FB29B96}.Debug|Any CPU.Build.0 = Debug|Any CPU
		{2185F102-7EF2-47F8-A28C-C1132FB29B96}.Release|Any CPU.ActiveCfg = Release|Any CPU
		{2185F102-7EF2-47F8-A28C-C1132FB29B96}.Release|Any CPU.Build.0 = Release|Any CPU
	EndGlobalSection
	GlobalSection(SolutionProperties) = preSolution
		HideSolutionNode = FALSE
	EndGlobalSection
	GlobalSection(ExtensibilityGlobals) = postSolution
		SolutionGuid = {83C0B849-D1F9-4345-9B3E-C9F64950267C}
	EndGlobalSection
EndGlobal
