
Microsoft Visual Studio Solution File, Format Version 12.00
# Visual Studio Version 17
VisualStudioVersion = 17.5.33530.505
MinimumVisualStudioVersion = 10.0.40219.1
Project("{FAE04EC0-301F-11D3-BF4B-00C04F79EFBC}") = "num1_App", "num1_App\num1_App.csproj", "{79FEBD12-1669-4F1D-B33F-34DD99262603}"
EndProject
Project("{FAE04EC0-301F-11D3-BF4B-00C04F79EFBC}") = "num3_App", "num3_App\num3_App.csproj", "{AA388A9D-4A59-4CE5-B4BE-82A8DC87FE4F}"
EndProject
Project("{FAE04EC0-301F-11D3-BF4B-00C04F79EFBC}") = "num4_App", "num4_App\num4_App.csproj", "{DD61FAF9-982C-4284-8FE2-1A56F8A16685}"
EndProject
Project("{FAE04EC0-301F-11D3-BF4B-00C04F79EFBC}") = "num5_App", "num5_App\num5_App.csproj", "{AAD786C6-956B-430E-8D36-126AE104F5BF}"
EndProject
Project("{FAE04EC0-301F-11D3-BF4B-00C04F79EFBC}") = "num2_App", "num2_App\num2_App.csproj", "{DBFA5101-A702-4CB4-9254-7E5E3B92AC5D}"
EndProject
Global
	GlobalSection(SolutionConfigurationPlatforms) = preSolution
		Debug|Any CPU = Debug|Any CPU
		Release|Any CPU = Release|Any CPU
	EndGlobalSection
	GlobalSection(ProjectConfigurationPlatforms) = postSolution
		{79FEBD12-1669-4F1D-B33F-34DD99262603}.Debug|Any CPU.ActiveCfg = Debug|Any CPU
		{79FEBD12-1669-4F1D-B33F-34DD99262603}.Debug|Any CPU.Build.0 = Debug|Any CPU
		{79FEBD12-1669-4F1D-B33F-34DD99262603}.Release|Any CPU.ActiveCfg = Release|Any CPU
		{79FEBD12-1669-4F1D-B33F-34DD99262603}.Release|Any CPU.Build.0 = Release|Any CPU
		{AA388A9D-4A59-4CE5-B4BE-82A8DC87FE4F}.Debug|Any CPU.ActiveCfg = Debug|Any CPU
		{AA388A9D-4A59-4CE5-B4BE-82A8DC87FE4F}.Debug|Any CPU.Build.0 = Debug|Any CPU
		{AA388A9D-4A59-4CE5-B4BE-82A8DC87FE4F}.Release|Any CPU.ActiveCfg = Release|Any CPU
		{AA388A9D-4A59-4CE5-B4BE-82A8DC87FE4F}.Release|Any CPU.Build.0 = Release|Any CPU
		{DD61FAF9-982C-4284-8FE2-1A56F8A16685}.Debug|Any CPU.ActiveCfg = Debug|Any CPU
		{DD61FAF9-982C-4284-8FE2-1A56F8A16685}.Debug|Any CPU.Build.0 = Debug|Any CPU
		{DD61FAF9-982C-4284-8FE2-1A56F8A16685}.Release|Any CPU.ActiveCfg = Release|Any CPU
		{DD61FAF9-982C-4284-8FE2-1A56F8A16685}.Release|Any CPU.Build.0 = Release|Any CPU
		{AAD786C6-956B-430E-8D36-126AE104F5BF}.Debug|Any CPU.ActiveCfg = Debug|Any CPU
		{AAD786C6-956B-430E-8D36-126AE104F5BF}.Debug|Any CPU.Build.0 = Debug|Any CPU
		{AAD786C6-956B-430E-8D36-126AE104F5BF}.Release|Any CPU.ActiveCfg = Release|Any CPU
		{AAD786C6-956B-430E-8D36-126AE104F5BF}.Release|Any CPU.Build.0 = Release|Any CPU
		{DBFA5101-A702-4CB4-9254-7E5E3B92AC5D}.Debug|Any CPU.ActiveCfg = Debug|Any CPU
		{DBFA5101-A702-4CB4-9254-7E5E3B92AC5D}.Debug|Any CPU.Build.0 = Debug|Any CPU
		{DBFA5101-A702-4CB4-9254-7E5E3B92AC5D}.Release|Any CPU.ActiveCfg = Release|Any CPU
		{DBFA5101-A702-4CB4-9254-7E5E3B92AC5D}.Release|Any CPU.Build.0 = Release|Any CPU
	EndGlobalSection
	GlobalSection(SolutionProperties) = preSolution
		HideSolutionNode = FALSE
	EndGlobalSection
	GlobalSection(ExtensibilityGlobals) = postSolution
		SolutionGuid = {C2EF89E1-F945-4255-8DDE-3715FBA169B3}
	EndGlobalSection
EndGlobal
